
Microsoft Visual Studio Solution File, Format Version 12.00
# Visual Studio Version 17
VisualStudioVersion = 17.4.33205.214
MinimumVisualStudioVersion = 10.0.40219.1
Project("{9A19103F-16F7-4668-BE54-9A1E7A4F7556}") = "Gaming-Discord-Bot-Automation", "Gaming-Discord-Bot-Automation\Gaming-Discord-Bot-Automation.csproj", "{6AB8BB35-5467-44A9-ADFA-06ED3CFC4121}"
EndProject
Project("{9A19103F-16F7-4668-BE54-9A1E7A4F7556}") = "AdminPanel", "AdminPanel\AdminPanel.csproj", "{D7EF5DFC-B691-42C7-932B-217AE2002C8B}"
EndProject
Project("{9A19103F-16F7-4668-BE54-9A1E7A4F7556}") = "DigitalCombatSimulator", "DigitalCombatSimulator\DigitalCombatSimulator.csproj", "{AC78E868-D172-4EB7-BDCE-41F3D6CD814F}"
EndProject
Project("{9A19103F-16F7-4668-BE54-9A1E7A4F7556}") = "Testing", "Testing\Testing.csproj", "{A85070DA-30DE-492D-8B5A-6E9C2204DF68}"
EndProject
Project("{9A19103F-16F7-4668-BE54-9A1E7A4F7556}") = "Dayz", "Dayz\Dayz.csproj", "{8B95DC3D-5DCD-4C4E-AE95-7C250A68E054}"
EndProject
Project("{FAE04EC0-301F-11D3-BF4B-00C04F79EFBC}") = "TFPWebsite", "TFPWebsite\TFPWebsite.csproj", "{CF5C9D84-9EB8-4F2C-AF3D-230FF53053CF}"
EndProject
Global
	GlobalSection(SolutionConfigurationPlatforms) = preSolution
		Debug|Any CPU = Debug|Any CPU
		Release|Any CPU = Release|Any CPU
	EndGlobalSection
	GlobalSection(ProjectConfigurationPlatforms) = postSolution
		{6AB8BB35-5467-44A9-ADFA-06ED3CFC4121}.Debug|Any CPU.ActiveCfg = Debug|Any CPU
		{6AB8BB35-5467-44A9-ADFA-06ED3CFC4121}.Debug|Any CPU.Build.0 = Debug|Any CPU
		{6AB8BB35-5467-44A9-ADFA-06ED3CFC4121}.Release|Any CPU.ActiveCfg = Release|Any CPU
		{6AB8BB35-5467-44A9-ADFA-06ED3CFC4121}.Release|Any CPU.Build.0 = Release|Any CPU
		{D7EF5DFC-B691-42C7-932B-217AE2002C8B}.Debug|Any CPU.ActiveCfg = Debug|Any CPU
		{D7EF5DFC-B691-42C7-932B-217AE2002C8B}.Debug|Any CPU.Build.0 = Debug|Any CPU
		{D7EF5DFC-B691-42C7-932B-217AE2002C8B}.Release|Any CPU.ActiveCfg = Release|Any CPU
		{D7EF5DFC-B691-42C7-932B-217AE2002C8B}.Release|Any CPU.Build.0 = Release|Any CPU
		{AC78E868-D172-4EB7-BDCE-41F3D6CD814F}.Debug|Any CPU.ActiveCfg = Debug|Any CPU
		{AC78E868-D172-4EB7-BDCE-41F3D6CD814F}.Debug|Any CPU.Build.0 = Debug|Any CPU
		{AC78E868-D172-4EB7-BDCE-41F3D6CD814F}.Release|Any CPU.ActiveCfg = Release|Any CPU
		{AC78E868-D172-4EB7-BDCE-41F3D6CD814F}.Release|Any CPU.Build.0 = Release|Any CPU
		{A85070DA-30DE-492D-8B5A-6E9C2204DF68}.Debug|Any CPU.ActiveCfg = Debug|Any CPU
		{A85070DA-30DE-492D-8B5A-6E9C2204DF68}.Debug|Any CPU.Build.0 = Debug|Any CPU
		{A85070DA-30DE-492D-8B5A-6E9C2204DF68}.Release|Any CPU.ActiveCfg = Release|Any CPU
		{A85070DA-30DE-492D-8B5A-6E9C2204DF68}.Release|Any CPU.Build.0 = Release|Any CPU
		{8B95DC3D-5DCD-4C4E-AE95-7C250A68E054}.Debug|Any CPU.ActiveCfg = Debug|Any CPU
		{8B95DC3D-5DCD-4C4E-AE95-7C250A68E054}.Debug|Any CPU.Build.0 = Debug|Any CPU
		{8B95DC3D-5DCD-4C4E-AE95-7C250A68E054}.Release|Any CPU.ActiveCfg = Release|Any CPU
		{8B95DC3D-5DCD-4C4E-AE95-7C250A68E054}.Release|Any CPU.Build.0 = Release|Any CPU
		{CF5C9D84-9EB8-4F2C-AF3D-230FF53053CF}.Debug|Any CPU.ActiveCfg = Debug|Any CPU
		{CF5C9D84-9EB8-4F2C-AF3D-230FF53053CF}.Debug|Any CPU.Build.0 = Debug|Any CPU
		{CF5C9D84-9EB8-4F2C-AF3D-230FF53053CF}.Release|Any CPU.ActiveCfg = Release|Any CPU
		{CF5C9D84-9EB8-4F2C-AF3D-230FF53053CF}.Release|Any CPU.Build.0 = Release|Any CPU
	EndGlobalSection
	GlobalSection(SolutionProperties) = preSolution
		HideSolutionNode = FALSE
	EndGlobalSection
	GlobalSection(ExtensibilityGlobals) = postSolution
		SolutionGuid = {E523335B-F6A8-4CE4-A38D-D01883F2E6B9}
	EndGlobalSection
EndGlobal
